
Microsoft Visual Studio Solution File, Format Version 12.00
# Visual Studio 15
Project("{FAE04EC0-301F-11D3-BF4B-00C04F79EFBC}") = "DetectEdges", "DetectEdges.csproj", "{0CFECBA4-8319-430B-A561-798A588F345A}"
EndProject
Global
	GlobalSection(SolutionConfigurationPlatforms) = preSolution
		Debug|Any CPU = Debug|Any CPU
		Release|Any CPU = Release|Any CPU
	EndGlobalSection
	GlobalSection(ProjectConfigurationPlatforms) = postSolution
		{0CFECBA4-8319-430B-A561-798A588F345A}.Debug|Any CPU.ActiveCfg = Debug|Any CPU
		{0CFECBA4-8319-430B-A561-798A588F345A}.Debug|Any CPU.Build.0 = Debug|Any CPU
		{0CFECBA4-8319-430B-A561-798A588F345A}.Release|Any CPU.ActiveCfg = Release|Any CPU
		{0CFECBA4-8319-430B-A561-798A588F345A}.Release|Any CPU.Build.0 = Release|Any CPU
	EndGlobalSection
	GlobalSection(MonoDevelopProperties) = preSolution
		Policies = $0
		$0.DotNetNamingPolicy = $1
		$1.DirectoryNamespaceAssociation = PrefixedHierarchical
		$0.StandardHeader = $2
		version = 
	EndGlobalSection
EndGlobal
